
Microsoft Visual Studio Solution File, Format Version 12.00
# Visual Studio 2013
VisualStudioVersion = 12.0.21005.1
MinimumVisualStudioVersion = 10.0.40219.1
Project("{FAE04EC0-301F-11D3-BF4B-00C04F79EFBC}") = "SudokuSolver", "SudokuSolver\SudokuSolver.csproj", "{6ABD7F14-CC29-40A5-8011-6F35DEC243CA}"
EndProject
Global
	GlobalSection(SolutionConfigurationPlatforms) = preSolution
		Attach Debugger|Any CPU = Attach Debugger|Any CPU
		Debug|Any CPU = Debug|Any CPU
		Release|Any CPU = Release|Any CPU
		Test|Any CPU = Test|Any CPU
	EndGlobalSection
	GlobalSection(ProjectConfigurationPlatforms) = postSolution
		{6ABD7F14-CC29-40A5-8011-6F35DEC243CA}.Attach Debugger|Any CPU.ActiveCfg = Attach Debugger|Any CPU
		{6ABD7F14-CC29-40A5-8011-6F35DEC243CA}.Attach Debugger|Any CPU.Build.0 = Attach Debugger|Any CPU
		{6ABD7F14-CC29-40A5-8011-6F35DEC243CA}.Debug|Any CPU.ActiveCfg = Debug|Any CPU
		{6ABD7F14-CC29-40A5-8011-6F35DEC243CA}.Debug|Any CPU.Build.0 = Debug|Any CPU
		{6ABD7F14-CC29-40A5-8011-6F35DEC243CA}.Release|Any CPU.ActiveCfg = Release|Any CPU
		{6ABD7F14-CC29-40A5-8011-6F35DEC243CA}.Release|Any CPU.Build.0 = Release|Any CPU
		{6ABD7F14-CC29-40A5-8011-6F35DEC243CA}.Test|Any CPU.ActiveCfg = Test|Any CPU
		{6ABD7F14-CC29-40A5-8011-6F35DEC243CA}.Test|Any CPU.Build.0 = Test|Any CPU
	EndGlobalSection
	GlobalSection(SolutionProperties) = preSolution
		HideSolutionNode = FALSE
	EndGlobalSection
EndGlobal
